{
  "requires": true,
  "lockfileVersion": 1,
  "dependencies": {
    "@tailwindcss/forms": {
      "version": "0.2.1",
      "resolved": "https://registry.npmjs.org/@tailwindcss/forms/-/forms-0.2.1.tgz",
      "integrity": "sha512-czfvEdY+J2Ogfd6RUSr/ZSUmDxTujr34M++YLnp2cCPC3oJ4kFvFMaRXA6cEXKw7F1hJuapdjXRjsXIEXGgORg==",
      "requires": {
        "mini-svg-data-uri": "^1.2.3"
      }
    },
    "mini-svg-data-uri": {
      "version": "1.2.3",
      "resolved": "https://registry.npmjs.org/mini-svg-data-uri/-/mini-svg-data-uri-1.2.3.tgz",
      "integrity": "sha512-zd6KCAyXgmq6FV1mR10oKXYtvmA9vRoB6xPSTUJTbFApCtkefDnYueVR1gkof3KcdLZo1Y8mjF2DFmQMIxsHNQ=="
    },
    "particles.js": {
      "version": "2.0.0",
      "resolved": "https://registry.npmjs.org/particles.js/-/particles.js-2.0.0.tgz",
      "integrity": "sha1-IThsQyjWx/lngKIB6W7t/AnHNvY="
    },
    "rive-canvas": {
      "version": "0.6.13",
      "resolved": "https://registry.npmjs.org/rive-canvas/-/rive-canvas-0.6.13.tgz",
      "integrity": "sha512-ZJrws/jvvjGwLksPDbPaOlgrAHUy6C72kBPOOXQyK9u0YUv6ABctXFGVbJ/fjnt2MEeZlvCXpQCyA9Bb2T9DZQ=="
    }
  }
}
